# THIS IS AN AUTOGENERATED FILE. DO NOT EDIT THIS FILE DIRECTLY.
# yarn lockfile v1


"@ant-design/colors@^5.0.0":
  version "5.1.1"
  resolved "http://af.hikvision.com.cn:80/artifactory/api/npm/npm-down/@ant-design/colors/-/colors-5.1.1.tgz#800b2186b1e27e66432e67d03ed96af3e21d8940"
  integrity sha1-gAshhrHifmZDLmfQPtlq8+IdiUA=
  dependencies:
    "@ctrl/tinycolor" "^3.3.1"

"@ant-design/colors@^6.0.0":
  version "6.0.0"
  resolved "http://af.hikvision.com.cn:80/artifactory/api/npm/npm-down/@ant-design/colors/-/colors-6.0.0.tgz#9b9366257cffcc47db42b9d0203bb592c13c0298"
  integrity sha1-m5NmJXz/zEfbQrnQIDu1ksE8Apg=
  dependencies:
    "@ctrl/tinycolor" "^3.4.0"

"@ant-design/icons-svg@^4.0.0":
  version "4.2.1"
  resolved "http://af.hikvision.com.cn:80/artifactory/api/npm/npm-down/@ant-design/icons-svg/-/icons-svg-4.2.1.tgz#8630da8eb4471a4aabdaed7d1ff6a97dcb2cf05a"
  integrity sha1-hjDajrRHGkqr2u19H/apfcss8Fo=

"@ant-design/icons-vue@^6.0.0":
  version "6.0.1"
  resolved "http://af.hikvision.com.cn:80/artifactory/api/npm/npm-down/@ant-design/icons-vue/-/icons-vue-6.0.1.tgz#9d804c3c74d2cfaf97cb18e582d3b9400934f5fd"
  integrity sha1-nYBMPHTSz6+XyxjlgtO5QAk09f0=
  dependencies:
    "@ant-design/colors" "^5.0.0"
    "@ant-design/icons-svg" "^4.0.0"
    "@types/lodash" "^4.14.165"
    lodash "^4.17.15"

"@babel/helper-validator-identifier@^7.15.7":
  version "7.15.7"
  resolved "http://af.hikvision.com.cn:80/artifactory/api/npm/npm-down/@babel/helper-validator-identifier/-/helper-validator-identifier-7.15.7.tgz#220df993bfe904a4a6b02ab4f3385a5ebf6e2389"
  integrity sha1-Ig35k7/pBKSmsCq08zhaXr9uI4k=

"@babel/parser@^7.16.4", "@babel/parser@^7.6.0", "@babel/parser@^7.9.6":
  version "7.16.6"
  resolved "http://af.hikvision.com.cn:80/artifactory/api/npm/npm-down/@babel/parser/-/parser-7.16.6.tgz#8f194828193e8fa79166f34a4b4e52f3e769a314"
  integrity sha1-jxlIKBk+j6eRZvNKS05S8+dpoxQ=

"@babel/runtime@^7.10.5":
  version "7.16.5"
  resolved "http://af.hikvision.com.cn:80/artifactory/api/npm/npm-down/@babel/runtime/-/runtime-7.16.5.tgz#7f3e34bf8bdbbadf03fbb7b1ea0d929569c9487a"
  integrity sha1-fz40v4vbut8D+7ex6g2SlWnJSHo=
  dependencies:
    regenerator-runtime "^0.13.4"

"@babel/types@^7.6.1", "@babel/types@^7.9.6":
  version "7.16.0"
  resolved "http://af.hikvision.com.cn:80/artifactory/api/npm/npm-down/@babel/types/-/types-7.16.0.tgz#db3b313804f96aadd0b776c4823e127ad67289ba"
  integrity sha1-2zsxOAT5aq3Qt3bEgj4SetZyibo=
  dependencies:
    "@babel/helper-validator-identifier" "^7.15.7"
    to-fast-properties "^2.0.0"

"@ctrl/tinycolor@^3.3.1", "@ctrl/tinycolor@^3.4.0":
  version "3.4.0"
  resolved "http://af.hikvision.com.cn:80/artifactory/api/npm/npm-down/@ctrl/tinycolor/-/tinycolor-3.4.0.tgz#c3c5ae543c897caa9c2a68630bed355be5f9990f"
  integrity sha1-w8WuVDyJfKqcKmhjC+01W+X5mQ8=

"@emmetio/abbreviation@^2.2.2":
  version "2.2.2"
  resolved "http://af.hikvision.com.cn:80/artifactory/api/npm/npm-down/@emmetio/abbreviation/-/abbreviation-2.2.2.tgz#746762fd9e7a8c2ea604f580c62e3cfe250e6989"
  integrity sha1-dGdi/Z56jC6mBPWAxi48/iUOaYk=
  dependencies:
    "@emmetio/scanner" "^1.0.0"

"@emmetio/css-abbreviation@^2.1.4":
  version "2.1.4"
  resolved "http://af.hikvision.com.cn:80/artifactory/api/npm/npm-down/@emmetio/css-abbreviation/-/css-abbreviation-2.1.4.tgz#90362e8a1122ce3b76f6c3157907d30182f53f54"
  integrity sha1-kDYuihEizjt29sMVeQfTAYL1P1Q=
  dependencies:
    "@emmetio/scanner" "^1.0.0"

"@emmetio/scanner@^1.0.0":
  version "1.0.0"
  resolved "http://af.hikvision.com.cn:80/artifactory/api/npm/npm-down/@emmetio/scanner/-/scanner-1.0.0.tgz#065b2af6233fe7474d44823e3deb89724af42b5f"
  integrity sha1-Blsq9iM/50dNRII+PeuJckr0K18=

"@simonwep/pickr@~1.8.0":
  version "1.8.2"
  resolved "http://af.hikvision.com.cn:80/artifactory/api/npm/npm-down/@simonwep/pickr/-/pickr-1.8.2.tgz#96dc86675940d7cad63d69c22083dd1cbb9797cb"
  integrity sha1-ltyGZ1lA18rWPWnCIIPdHLuXl8s=
  dependencies:
    core-js "^3.15.1"
    nanopop "^2.1.0"

"@types/lodash-es@^4.17.5":
  version "4.17.5"
  resolved "http://af.hikvision.com.cn:80/artifactory/api/npm/npm-down/@types/lodash-es/-/lodash-es-4.17.5.tgz#1c3fdd16849d84aea43890b1c60da379fb501353"
  integrity sha1-HD/dFoSdhK6kOJCxxg2jeftQE1M=
  dependencies:
    "@types/lodash" "*"

"@types/lodash@*", "@types/lodash@^4.14.165":
  version "4.14.178"
  resolved "http://af.hikvision.com.cn:80/artifactory/api/npm/npm-down/@types/lodash/-/lodash-4.14.178.tgz#341f6d2247db528d4a13ddbb374bcdc80406f4f8"
  integrity sha1-NB9tIkfbUo1KE927N0vNyAQG9Pg=

"@vitejs/plugin-vue@^2.0.0":
  version "2.0.1"
  resolved "http://af.hikvision.com.cn:80/artifactory/api/npm/npm-down/@vitejs/plugin-vue/-/plugin-vue-2.0.1.tgz#db0e5eacf96358e04cc501c9008079b25a70a4ac"
  integrity sha1-2w5erPljWOBMxQHJAIB5slpwpKw=

"@volar/code-gen@0.29.8":
  version "0.29.8"
  resolved "http://af.hikvision.com.cn:80/artifactory/api/npm/npm-down/@volar/code-gen/-/code-gen-0.29.8.tgz#db1a4bf29caeba131265bed9dbe96a1a0b66ea35"
  integrity sha1-2xpL8pyuuhMSZb7Z2+lqGgtm6jU=
  dependencies:
    "@volar/shared" "0.29.8"
    "@volar/source-map" "0.29.8"

"@volar/html2pug@0.29.8":
  version "0.29.8"
  resolved "http://af.hikvision.com.cn:80/artifactory/api/npm/npm-down/@volar/html2pug/-/html2pug-0.29.8.tgz#2e97fa2968dcdfe0dbbc67b0cd2ab4c440018738"
  integrity sha1-Lpf6KWjc3+DbvGewzSq0xEABhzg=
  dependencies:
    domelementtype "^2.2.0"
    domhandler "^4.2.2"
    htmlparser2 "^7.1.2"
    pug "^3.0.2"

"@volar/shared@0.29.8":
  version "0.29.8"
  resolved "http://af.hikvision.com.cn:80/artifactory/api/npm/npm-down/@volar/shared/-/shared-0.29.8.tgz#e635ddf2cbcf307da932eb4b98e33c320d3d2991"
  integrity sha1-5jXd8svPMH2pMutLmOM8Mg09KZE=
  dependencies:
    upath "^2.0.1"
    vscode-jsonrpc "^8.0.0-next.2"
    vscode-uri "^3.0.2"

"@volar/source-map@0.29.8":
  version "0.29.8"
  resolved "http://af.hikvision.com.cn:80/artifactory/api/npm/npm-down/@volar/source-map/-/source-map-0.29.8.tgz#3299a0ae86ae0b72b4db3e50499d8bb285d8e9b2"
  integrity sha1-MpmgroauC3K02z5QSZ2LsoXY6bI=
  dependencies:
    "@volar/shared" "0.29.8"

"@volar/transforms@0.29.8":
  version "0.29.8"
  resolved "http://af.hikvision.com.cn:80/artifactory/api/npm/npm-down/@volar/transforms/-/transforms-0.29.8.tgz#ef807010ac90772a065e7cf50509b6433b53e355"
  integrity sha1-74BwEKyQdyoGXnz1BQm2QztT41U=
  dependencies:
    "@volar/shared" "0.29.8"
    vscode-languageserver "^8.0.0-next.2"

"@volar/vue-code-gen@0.29.8":
  version "0.29.8"
  resolved "http://af.hikvision.com.cn:80/artifactory/api/npm/npm-down/@volar/vue-code-gen/-/vue-code-gen-0.29.8.tgz#32401d52e2570d775fcc6cbc83abefeef65c48cd"
  integrity sha1-MkAdUuJXDXdfzGy8g6vv7vZcSM0=
  dependencies:
    "@volar/code-gen" "0.29.8"
    "@volar/shared" "0.29.8"
    "@volar/source-map" "0.29.8"
    "@vue/compiler-core" "^3.2.21"
    "@vue/compiler-dom" "^3.2.21"
    "@vue/shared" "^3.2.21"
    upath "^2.0.1"

"@vscode/emmet-helper@^2.8.0":
  version "2.8.3"
  resolved "http://af.hikvision.com.cn:80/artifactory/api/npm/npm-down/@vscode/emmet-helper/-/emmet-helper-2.8.3.tgz#f7c2b4a4751d03bcf2b421f0fce5b521a0f64a18"
  integrity sha1-98K0pHUdA7zytCHw/OW1IaD2Shg=
  dependencies:
    emmet "^2.3.0"
    jsonc-parser "^2.3.0"
    vscode-languageserver-textdocument "^1.0.1"
    vscode-languageserver-types "^3.15.1"
    vscode-nls "^5.0.0"
    vscode-uri "^2.1.2"

"@vue/compiler-core@3.2.26", "@vue/compiler-core@^3.2.21":
  version "3.2.26"
  resolved "http://af.hikvision.com.cn:80/artifactory/api/npm/npm-down/@vue/compiler-core/-/compiler-core-3.2.26.tgz#9ab92ae624da51f7b6064f4679c2d4564f437cc8"
  integrity sha1-mrkq5iTaUfe2Bk9GecLUVk9DfMg=
  dependencies:
    "@babel/parser" "^7.16.4"
    "@vue/shared" "3.2.26"
    estree-walker "^2.0.2"
    source-map "^0.6.1"

"@vue/compiler-dom@3.2.26", "@vue/compiler-dom@^3.2.21":
  version "3.2.26"
  resolved "http://af.hikvision.com.cn:80/artifactory/api/npm/npm-down/@vue/compiler-dom/-/compiler-dom-3.2.26.tgz#c7a7b55d50a7b7981dd44fc28211df1450482667"
  integrity sha1-x6e1XVCnt5gd1E/CghHfFFBIJmc=
  dependencies:
    "@vue/compiler-core" "3.2.26"
    "@vue/shared" "3.2.26"

"@vue/compiler-sfc@3.2.26":
  version "3.2.26"
  resolved "http://af.hikvision.com.cn:80/artifactory/api/npm/npm-down/@vue/compiler-sfc/-/compiler-sfc-3.2.26.tgz#3ce76677e4aa58311655a3bea9eb1cb804d2273f"
  integrity sha1-POdmd+SqWDEWVaO+qescuATSJz8=
  dependencies:
    "@babel/parser" "^7.16.4"
    "@vue/compiler-core" "3.2.26"
    "@vue/compiler-dom" "3.2.26"
    "@vue/compiler-ssr" "3.2.26"
    "@vue/reactivity-transform" "3.2.26"
    "@vue/shared" "3.2.26"
    estree-walker "^2.0.2"
    magic-string "^0.25.7"
    postcss "^8.1.10"
    source-map "^0.6.1"

"@vue/compiler-ssr@3.2.26":
  version "3.2.26"
  resolved "http://af.hikvision.com.cn:80/artifactory/api/npm/npm-down/@vue/compiler-ssr/-/compiler-ssr-3.2.26.tgz#fd049523341fbf4ab5e88e25eef566d862894ba7"
  integrity sha1-/QSVIzQfv0q16I4l7vVm2GKJS6c=
  dependencies:
    "@vue/compiler-dom" "3.2.26"
    "@vue/shared" "3.2.26"

"@vue/reactivity-transform@3.2.26":
  version "3.2.26"
  resolved "http://af.hikvision.com.cn:80/artifactory/api/npm/npm-down/@vue/reactivity-transform/-/reactivity-transform-3.2.26.tgz#6d8f20a4aa2d19728f25de99962addbe7c4d03e9"
  integrity sha1-bY8gpKotGXKPJd6ZlirdvnxNA+k=
  dependencies:
    "@babel/parser" "^7.16.4"
    "@vue/compiler-core" "3.2.26"
    "@vue/shared" "3.2.26"
    estree-walker "^2.0.2"
    magic-string "^0.25.7"

"@vue/reactivity@3.2.26", "@vue/reactivity@^3.2.21":
  version "3.2.26"
  resolved "http://af.hikvision.com.cn:80/artifactory/api/npm/npm-down/@vue/reactivity/-/reactivity-3.2.26.tgz#d529191e581521c3c12e29ef986d4c8a933a0f83"
  integrity sha1-1SkZHlgVIcPBLinvmG1MipM6D4M=
  dependencies:
    "@vue/shared" "3.2.26"

"@vue/runtime-core@3.2.26":
  version "3.2.26"
  resolved "http://af.hikvision.com.cn:80/artifactory/api/npm/npm-down/@vue/runtime-core/-/runtime-core-3.2.26.tgz#5c59cc440ed7a39b6dbd4c02e2d21c8d1988f0de"
  integrity sha1-XFnMRA7Xo5ttvUwC4tIcjRmI8N4=
  dependencies:
    "@vue/reactivity" "3.2.26"
    "@vue/shared" "3.2.26"

"@vue/runtime-dom@3.2.26":
  version "3.2.26"
  resolved "http://af.hikvision.com.cn:80/artifactory/api/npm/npm-down/@vue/runtime-dom/-/runtime-dom-3.2.26.tgz#84d3ae2584488747717c2e072d5d9112c0d2e6c2"
  integrity sha1-hNOuJYRIh0dxfC4HLV2REsDS5sI=
  dependencies:
    "@vue/runtime-core" "3.2.26"
    "@vue/shared" "3.2.26"
    csstype "^2.6.8"

"@vue/server-renderer@3.2.26":
  version "3.2.26"
  resolved "http://af.hikvision.com.cn:80/artifactory/api/npm/npm-down/@vue/server-renderer/-/server-renderer-3.2.26.tgz#f16a4b9fbcc917417b4cea70c99afce2701341cf"
  integrity sha1-8WpLn7zJF0F7TOpwyZr84nATQc8=
  dependencies:
    "@vue/compiler-ssr" "3.2.26"
    "@vue/shared" "3.2.26"

"@vue/shared@3.2.26", "@vue/shared@^3.2.21":
  version "3.2.26"
  resolved "http://af.hikvision.com.cn:80/artifactory/api/npm/npm-down/@vue/shared/-/shared-3.2.26.tgz#7acd1621783571b9a82eca1f041b4a0a983481d9"
  integrity sha1-es0WIXg1cbmoLsofBBtKCpg0gdk=

acorn@^7.1.1:
  version "7.4.1"
  resolved "http://af.hikvision.com.cn:80/artifactory/api/npm/npm-down/acorn/-/acorn-7.4.1.tgz#feaed255973d2e77555b83dbc08851a6c63520fa"
  integrity sha1-/q7SVZc9LndVW4PbwIhRpsY1IPo=

ant-design-vue@^3.0.0-alpha.14:
  version "3.0.0-alpha.14"
  resolved "http://af.hikvision.com.cn:80/artifactory/api/npm/npm-down/ant-design-vue/-/ant-design-vue-3.0.0-alpha.14.tgz#93fc2507f706f30363adcd2a16d16fc25c871751"
  integrity sha1-k/wlB/cG8wNjrc0qFtFvwlyHF1E=
  dependencies:
    "@ant-design/colors" "^6.0.0"
    "@ant-design/icons-vue" "^6.0.0"
    "@babel/runtime" "^7.10.5"
    "@simonwep/pickr" "~1.8.0"
    array-tree-filter "^2.1.0"
    async-validator "^4.0.0"
    dayjs "^1.10.5"
    dom-align "^1.12.1"
    dom-scroll-into-view "^2.0.0"
    lodash "^4.17.21"
    lodash-es "^4.17.15"
    resize-observer-polyfill "^1.5.1"
    scroll-into-view-if-needed "^2.2.25"
    shallow-equal "^1.0.0"
    vue-types "^3.0.0"
    warning "^4.0.0"

array-tree-filter@^2.1.0:
  version "2.1.0"
  resolved "http://af.hikvision.com.cn:80/artifactory/api/npm/npm-down/array-tree-filter/-/array-tree-filter-2.1.0.tgz#873ac00fec83749f255ac8dd083814b4f6329190"
  integrity sha1-hzrAD+yDdJ8lWsjdCDgUtPYykZA=

asap@~2.0.3:
  version "2.0.6"
  resolved "http://af.hikvision.com.cn:80/artifactory/api/npm/npm-down/asap/-/asap-2.0.6.tgz#e50347611d7e690943208bbdafebcbc2fb866d46"
  integrity sha1-5QNHYR1+aQlDIIu9r+vLwvuGbUY=

assert-never@^1.2.1:
  version "1.2.1"
  resolved "http://af.hikvision.com.cn:80/artifactory/api/npm/npm-down/assert-never/-/assert-never-1.2.1.tgz#11f0e363bf146205fb08193b5c7b90f4d1cf44fe"
  integrity sha1-EfDjY78UYgX7CBk7XHuQ9NHPRP4=

async-validator@^4.0.0:
  version "4.0.7"
  resolved "http://af.hikvision.com.cn:80/artifactory/api/npm/npm-down/async-validator/-/async-validator-4.0.7.tgz#034a0fd2103a6b2ebf010da75183bec299247afe"
  integrity sha1-A0oP0hA6ay6/AQ2nUYO+wpkkev4=

babel-walk@3.0.0-canary-5:
  version "3.0.0-canary-5"
  resolved "http://af.hikvision.com.cn:80/artifactory/api/npm/npm-down/babel-walk/-/babel-walk-3.0.0-canary-5.tgz#f66ecd7298357aee44955f235a6ef54219104b11"
  integrity sha1-9m7Ncpg1eu5ElV8jWm71QhkQSxE=
  dependencies:
    "@babel/types" "^7.9.6"

call-bind@^1.0.2:
  version "1.0.2"
  resolved "http://af.hikvision.com.cn:80/artifactory/api/npm/npm-down/call-bind/-/call-bind-1.0.2.tgz#b1d4e89e688119c3c9a903ad30abb2f6a919be3c"
  integrity sha1-sdTonmiBGcPJqQOtMKuy9qkZvjw=
  dependencies:
    function-bind "^1.1.1"
    get-intrinsic "^1.0.2"

character-parser@^2.2.0:
  version "2.2.0"
  resolved "http://af.hikvision.com.cn:80/artifactory/api/npm/npm-down/character-parser/-/character-parser-2.2.0.tgz#c7ce28f36d4bcd9744e5ffc2c5fcde1c73261fc0"
  integrity sha1-x84o821LzZdE5f/CxfzeHHMmH8A=
  dependencies:
    is-regex "^1.0.3"

compute-scroll-into-view@^1.0.17:
  version "1.0.17"
  resolved "http://af.hikvision.com.cn:80/artifactory/api/npm/npm-down/compute-scroll-into-view/-/compute-scroll-into-view-1.0.17.tgz#6a88f18acd9d42e9cf4baa6bec7e0522607ab7ab"
  integrity sha1-aojxis2dQunPS6pr7H4FImB6t6s=

constantinople@^4.0.1:
  version "4.0.1"
  resolved "http://af.hikvision.com.cn:80/artifactory/api/npm/npm-down/constantinople/-/constantinople-4.0.1.tgz#0def113fa0e4dc8de83331a5cf79c8b325213151"
  integrity sha1-De8RP6Dk3I3oMzGlz3nIsyUhMVE=
  dependencies:
    "@babel/parser" "^7.6.0"
    "@babel/types" "^7.6.1"

core-js@^3.15.1:
  version "3.20.0"
  resolved "http://af.hikvision.com.cn:80/artifactory/api/npm/npm-down/core-js/-/core-js-3.20.0.tgz#1c5ac07986b8d15473ab192e45a2e115a4a95b79"
  integrity sha1-HFrAeYa40VRzqxkuRaLhFaSpW3k=

csstype@^2.6.8:
  version "2.6.19"
  resolved "http://af.hikvision.com.cn:80/artifactory/api/npm/npm-down/csstype/-/csstype-2.6.19.tgz#feeb5aae89020bb389e1f63669a5ed490e391caa"
  integrity sha1-/utarokCC7OJ4fY2aaXtSQ45HKo=

dayjs@^1.10.5:
  version "1.10.7"
  resolved "http://af.hikvision.com.cn:80/artifactory/api/npm/npm-down/dayjs/-/dayjs-1.10.7.tgz#2cf5f91add28116748440866a0a1d26f3a6ce468"
  integrity sha1-LPX5Gt0oEWdIRAhmoKHSbzps5Gg=

doctypes@^1.1.0:
  version "1.1.0"
  resolved "http://af.hikvision.com.cn:80/artifactory/api/npm/npm-down/doctypes/-/doctypes-1.1.0.tgz#ea80b106a87538774e8a3a4a5afe293de489e0a9"
  integrity sha1-6oCxBqh1OHdOijpKWv4pPeSJ4Kk=

dom-align@^1.12.1:
  version "1.12.2"
  resolved "http://af.hikvision.com.cn:80/artifactory/api/npm/npm-down/dom-align/-/dom-align-1.12.2.tgz#0f8164ebd0c9c21b0c790310493cd855892acd4b"
  integrity sha1-D4Fk69DJwhsMeQMQSTzYVYkqzUs=

dom-scroll-into-view@^2.0.0:
  version "2.0.1"
  resolved "http://af.hikvision.com.cn:80/artifactory/api/npm/npm-down/dom-scroll-into-view/-/dom-scroll-into-view-2.0.1.tgz#0decc8522801fd8d3f1c6ba355a74d382c5f989b"
  integrity sha1-DezIUigB/Y0/HGujVadNOCxfmJs=

dom-serializer@^1.0.1:
  version "1.3.2"
  resolved "http://af.hikvision.com.cn:80/artifactory/api/npm/npm-down/dom-serializer/-/dom-serializer-1.3.2.tgz#6206437d32ceefaec7161803230c7a20bc1b4d91"
  integrity sha1-YgZDfTLO767HFhgDIwx6ILwbTZE=
  dependencies:
    domelementtype "^2.0.1"
    domhandler "^4.2.0"
    entities "^2.0.0"

domelementtype@^2.0.1, domelementtype@^2.2.0:
  version "2.2.0"
  resolved "http://af.hikvision.com.cn:80/artifactory/api/npm/npm-down/domelementtype/-/domelementtype-2.2.0.tgz#9a0b6c2782ed6a1c7323d42267183df9bd8b1d57"
  integrity sha1-mgtsJ4LtahxzI9QiZxg9+b2LHVc=

domhandler@^4.2.0, domhandler@^4.2.2:
  version "4.3.0"
  resolved "http://af.hikvision.com.cn:80/artifactory/api/npm/npm-down/domhandler/-/domhandler-4.3.0.tgz#16c658c626cf966967e306f966b431f77d4a5626"
  integrity sha1-FsZYxibPlmln4wb5ZrQx931KViY=
  dependencies:
    domelementtype "^2.2.0"

domutils@^2.8.0:
  version "2.8.0"
  resolved "http://af.hikvision.com.cn:80/artifactory/api/npm/npm-down/domutils/-/domutils-2.8.0.tgz#4437def5db6e2d1f5d6ee859bd95ca7d02048135"
  integrity sha1-RDfe9dtuLR9dbuhZvZXKfQIEgTU=
  dependencies:
    dom-serializer "^1.0.1"
    domelementtype "^2.2.0"
    domhandler "^4.2.0"

emmet@^2.3.0:
  version "2.3.5"
  resolved "http://af.hikvision.com.cn:80/artifactory/api/npm/npm-down/emmet/-/emmet-2.3.5.tgz#7f80f9c3db6831d1ee2b458717b9c36a074b1a47"
  integrity sha1-f4D5w9toMdHuK0WHF7nDagdLGkc=
  dependencies:
    "@emmetio/abbreviation" "^2.2.2"
    "@emmetio/css-abbreviation" "^2.1.4"

entities@^2.0.0:
  version "2.2.0"
  resolved "http://af.hikvision.com.cn:80/artifactory/api/npm/npm-down/entities/-/entities-2.2.0.tgz#098dc90ebb83d8dffa089d55256b351d34c4da55"
  integrity sha1-CY3JDruD2N/6CJ1VJWs1HTTE2lU=

entities@^3.0.1:
  version "3.0.1"
  resolved "http://af.hikvision.com.cn:80/artifactory/api/npm/npm-down/entities/-/entities-3.0.1.tgz#2b887ca62585e96db3903482d336c1006c3001d4"
  integrity sha1-K4h8piWF6W2zkDSC0zbBAGwwAdQ=

esbuild-android-arm64@0.13.15:
  version "0.13.15"
  resolved "http://af.hikvision.com.cn:80/artifactory/api/npm/npm-down/esbuild-android-arm64/-/esbuild-android-arm64-0.13.15.tgz#3fc3ff0bab76fe35dd237476b5d2b32bb20a3d44"
  integrity sha1-P8P/C6t2/jXdI3R2tdKzK7IKPUQ=

esbuild-darwin-64@0.13.15:
  version "0.13.15"
  resolved "http://af.hikvision.com.cn:80/artifactory/api/npm/npm-down/esbuild-darwin-64/-/esbuild-darwin-64-0.13.15.tgz#8e9169c16baf444eacec60d09b24d11b255a8e72"
  integrity sha1-jpFpwWuvRE6s7GDQmyTRGyVajnI=

esbuild-darwin-arm64@0.13.15:
  version "0.13.15"
  resolved "http://af.hikvision.com.cn:80/artifactory/api/npm/npm-down/esbuild-darwin-arm64/-/esbuild-darwin-arm64-0.13.15.tgz#1b07f893b632114f805e188ddfca41b2b778229a"
  integrity sha1-Gwf4k7YyEU+AXhiN38pBsrd4Ipo=

esbuild-freebsd-64@0.13.15:
  version "0.13.15"
  resolved "http://af.hikvision.com.cn:80/artifactory/api/npm/npm-down/esbuild-freebsd-64/-/esbuild-freebsd-64-0.13.15.tgz#0b8b7eca1690c8ec94c75680c38c07269c1f4a85"
  integrity sha1-C4t+yhaQyOyUx1aAw4wHJpwfSoU=

esbuild-freebsd-arm64@0.13.15:
  version "0.13.15"
  resolved "http://af.hikvision.com.cn:80/artifactory/api/npm/npm-down/esbuild-freebsd-arm64/-/esbuild-freebsd-arm64-0.13.15.tgz#2e1a6c696bfdcd20a99578b76350b41db1934e52"
  integrity sha1-LhpsaWv9zSCplXi3Y1C0HbGTTlI=

esbuild-linux-32@0.13.15:
  version "0.13.15"
  resolved "http://af.hikvision.com.cn:80/artifactory/api/npm/npm-down/esbuild-linux-32/-/esbuild-linux-32-0.13.15.tgz#6fd39f36fc66dd45b6b5f515728c7bbebc342a69"
  integrity sha1-b9OfNvxm3UW2tfUVcox7vrw0Kmk=

esbuild-linux-64@0.13.15:
  version "0.13.15"
  resolved "http://af.hikvision.com.cn:80/artifactory/api/npm/npm-down/esbuild-linux-64/-/esbuild-linux-64-0.13.15.tgz#9cb8e4bcd7574e67946e4ee5f1f1e12386bb6dd3"
  integrity sha1-nLjkvNdXTmeUbk7l8fHhI4a7bdM=

esbuild-linux-arm64@0.13.15:
  version "0.13.15"
  resolved "http://af.hikvision.com.cn:80/artifactory/api/npm/npm-down/esbuild-linux-arm64/-/esbuild-linux-arm64-0.13.15.tgz#3891aa3704ec579a1b92d2a586122e5b6a2bfba1"
  integrity sha1-OJGqNwTsV5obktKlhhIuW2or+6E=

esbuild-linux-arm@0.13.15:
  version "0.13.15"
  resolved "http://af.hikvision.com.cn:80/artifactory/api/npm/npm-down/esbuild-linux-arm/-/esbuild-linux-arm-0.13.15.tgz#8a00e99e6a0c6c9a6b7f334841364d8a2b4aecfe"
  integrity sha1-igDpnmoMbJprfzNIQTZNiitK7P4=

esbuild-linux-mips64le@0.13.15:
  version "0.13.15"
  resolved "http://af.hikvision.com.cn:80/artifactory/api/npm/npm-down/esbuild-linux-mips64le/-/esbuild-linux-mips64le-0.13.15.tgz#36b07cc47c3d21e48db3bb1f4d9ef8f46aead4f7"
  integrity sha1-NrB8xHw9IeSNs7sfTZ749Grq1Pc=

esbuild-linux-ppc64le@0.13.15:
  version "0.13.15"
  resolved "http://af.hikvision.com.cn:80/artifactory/api/npm/npm-down/esbuild-linux-ppc64le/-/esbuild-linux-ppc64le-0.13.15.tgz#f7e6bba40b9a11eb9dcae5b01550ea04670edad2"
  integrity sha1-9+a7pAuaEeudyuWwFVDqBGcO2tI=

esbuild-netbsd-64@0.13.15:
  version "0.13.15"
  resolved "http://af.hikvision.com.cn:80/artifactory/api/npm/npm-down/esbuild-netbsd-64/-/esbuild-netbsd-64-0.13.15.tgz#a2fedc549c2b629d580a732d840712b08d440038"
  integrity sha1-ov7cVJwrYp1YCnMthAcSsI1EADg=

esbuild-openbsd-64@0.13.15:
  version "0.13.15"
  resolved "http://af.hikvision.com.cn:80/artifactory/api/npm/npm-down/esbuild-openbsd-64/-/esbuild-openbsd-64-0.13.15.tgz#b22c0e5806d3a1fbf0325872037f885306b05cd7"
  integrity sha1-siwOWAbTofvwMlhyA3+IUwawXNc=

esbuild-sunos-64@0.13.15:
  version "0.13.15"
  resolved "http://af.hikvision.com.cn:80/artifactory/api/npm/npm-down/esbuild-sunos-64/-/esbuild-sunos-64-0.13.15.tgz#d0b6454a88375ee8d3964daeff55c85c91c7cef4"
  integrity sha1-0LZFSog3XujTlk2u/1XIXJHHzvQ=

esbuild-windows-32@0.13.15:
  version "0.13.15"
  resolved "http://af.hikvision.com.cn:80/artifactory/api/npm/npm-down/esbuild-windows-32/-/esbuild-windows-32-0.13.15.tgz#c96d0b9bbb52f3303322582ef8e4847c5ad375a7"
  integrity sha1-yW0Lm7tS8zAzIlgu+OSEfFrTdac=

esbuild-windows-64@0.13.15:
  version "0.13.15"
  resolved "http://af.hikvision.com.cn:80/artifactory/api/npm/npm-down/esbuild-windows-64/-/esbuild-windows-64-0.13.15.tgz#1f79cb9b1e1bb02fb25cd414cb90d4ea2892c294"
  integrity sha1-H3nLmx4bsC+yXNQUy5DU6iiSwpQ=

esbuild-windows-arm64@0.13.15:
  version "0.13.15"
  resolved "http://af.hikvision.com.cn:80/artifactory/api/npm/npm-down/esbuild-windows-arm64/-/esbuild-windows-arm64-0.13.15.tgz#482173070810df22a752c686509c370c3be3b3c3"
  integrity sha1-SCFzBwgQ3yKnUsaGUJw3DDvjs8M=

esbuild@^0.13.12:
  version "0.13.15"
  resolved "http://af.hikvision.com.cn:80/artifactory/api/npm/npm-down/esbuild/-/esbuild-0.13.15.tgz#db56a88166ee373f87dbb2d8798ff449e0450cdf"
  integrity sha1-21aogWbuNz+H27LYeY/0SeBFDN8=
  optionalDependencies:
    esbuild-android-arm64 "0.13.15"
    esbuild-darwin-64 "0.13.15"
    esbuild-darwin-arm64 "0.13.15"
    esbuild-freebsd-64 "0.13.15"
    esbuild-freebsd-arm64 "0.13.15"
    esbuild-linux-32 "0.13.15"
    esbuild-linux-64 "0.13.15"
    esbuild-linux-arm "0.13.15"
    esbuild-linux-arm64 "0.13.15"
    esbuild-linux-mips64le "0.13.15"
    esbuild-linux-ppc64le "0.13.15"
    esbuild-netbsd-64 "0.13.15"
    esbuild-openbsd-64 "0.13.15"
    esbuild-sunos-64 "0.13.15"
    esbuild-windows-32 "0.13.15"
    esbuild-windows-64 "0.13.15"
    esbuild-windows-arm64 "0.13.15"

estree-walker@^2.0.2:
  version "2.0.2"
  resolved "http://af.hikvision.com.cn:80/artifactory/api/npm/npm-down/estree-walker/-/estree-walker-2.0.2.tgz#52f010178c2a4c117a7757cfe942adb7d2da4cac"
  integrity sha1-UvAQF4wqTBF6d1fP6UKtt9LaTKw=

fsevents@~2.3.2:
  version "2.3.2"
  resolved "http://af.hikvision.com.cn:80/artifactory/api/npm/npm-down/fsevents/-/fsevents-2.3.2.tgz#8a526f78b8fdf4623b709e0b975c52c24c02fd1a"
  integrity sha1-ilJveLj99GI7cJ4Ll1xSwkwC/Ro=

function-bind@^1.1.1:
  version "1.1.1"
  resolved "http://af.hikvision.com.cn:80/artifactory/api/npm/npm-down/function-bind/-/function-bind-1.1.1.tgz#a56899d3ea3c9bab874bb9773b7c5ede92f4895d"
  integrity sha1-pWiZ0+o8m6uHS7l3O3xe3pL0iV0=

get-intrinsic@^1.0.2:
  version "1.1.1"
  resolved "http://af.hikvision.com.cn:80/artifactory/api/npm/npm-down/get-intrinsic/-/get-intrinsic-1.1.1.tgz#15f59f376f855c446963948f0d24cd3637b4abc6"
  integrity sha1-FfWfN2+FXERpY5SPDSTNNje0q8Y=
  dependencies:
    function-bind "^1.1.1"
    has "^1.0.3"
    has-symbols "^1.0.1"

has-symbols@^1.0.1, has-symbols@^1.0.2:
  version "1.0.2"
  resolved "http://af.hikvision.com.cn:80/artifactory/api/npm/npm-down/has-symbols/-/has-symbols-1.0.2.tgz#165d3070c00309752a1236a479331e3ac56f1423"
  integrity sha1-Fl0wcMADCXUqEjakeTMeOsVvFCM=

has-tostringtag@^1.0.0:
  version "1.0.0"
  resolved "http://af.hikvision.com.cn:80/artifactory/api/npm/npm-down/has-tostringtag/-/has-tostringtag-1.0.0.tgz#7e133818a7d394734f941e73c3d3f9291e658b25"
  integrity sha1-fhM4GKfTlHNPlB5zw9P5KR5liyU=
  dependencies:
    has-symbols "^1.0.2"

has@^1.0.3:
  version "1.0.3"
  resolved "http://af.hikvision.com.cn:80/artifactory/api/npm/npm-down/has/-/has-1.0.3.tgz#722d7cbfc1f6aa8241f16dd814e011e1f41e8796"
  integrity sha1-ci18v8H2qoJB8W3YFOAR4fQeh5Y=
  dependencies:
    function-bind "^1.1.1"

htmlparser2@^7.1.2:
  version "7.2.0"
  resolved "http://af.hikvision.com.cn:80/artifactory/api/npm/npm-down/htmlparser2/-/htmlparser2-7.2.0.tgz#8817cdea38bbc324392a90b1990908e81a65f5a5"
  integrity sha1-iBfN6ji7wyQ5KpCxmQkI6Bpl9aU=
  dependencies:
    domelementtype "^2.0.1"
    domhandler "^4.2.2"
    domutils "^2.8.0"
    entities "^3.0.1"

is-core-module@^2.2.0:
  version "2.8.0"
  resolved "http://af.hikvision.com.cn:80/artifactory/api/npm/npm-down/is-core-module/-/is-core-module-2.8.0.tgz#0321336c3d0925e497fd97f5d95cb114a5ccd548"
  integrity sha1-AyEzbD0JJeSX/Zf12VyxFKXM1Ug=
  dependencies:
    has "^1.0.3"

is-expression@^4.0.0:
  version "4.0.0"
  resolved "http://af.hikvision.com.cn:80/artifactory/api/npm/npm-down/is-expression/-/is-expression-4.0.0.tgz#c33155962abf21d0afd2552514d67d2ec16fd2ab"
  integrity sha1-wzFVliq/IdCv0lUlFNZ9LsFv0qs=
  dependencies:
    acorn "^7.1.1"
    object-assign "^4.1.1"

is-plain-object@3.0.1:
  version "3.0.1"
  resolved "http://af.hikvision.com.cn:80/artifactory/api/npm/npm-down/is-plain-object/-/is-plain-object-3.0.1.tgz#662d92d24c0aa4302407b0d45d21f2251c85f85b"
  integrity sha1-Zi2S0kwKpDAkB7DUXSHyJRyF+Fs=

is-promise@^2.0.0:
  version "2.2.2"
  resolved "http://af.hikvision.com.cn:80/artifactory/api/npm/npm-down/is-promise/-/is-promise-2.2.2.tgz#39ab959ccbf9a774cf079f7b40c7a26f763135f1"
  integrity sha1-OauVnMv5p3TPB597QMeib3YxNfE=

is-regex@^1.0.3:
  version "1.1.4"
  resolved "http://af.hikvision.com.cn:80/artifactory/api/npm/npm-down/is-regex/-/is-regex-1.1.4.tgz#eef5663cd59fa4c0ae339505323df6854bb15958"
  integrity sha1-7vVmPNWfpMCuM5UFMj32hUuxWVg=
  dependencies:
    call-bind "^1.0.2"
    has-tostringtag "^1.0.0"

js-stringify@^1.0.2:
  version "1.0.2"
  resolved "http://af.hikvision.com.cn:80/artifactory/api/npm/npm-down/js-stringify/-/js-stringify-1.0.2.tgz#1736fddfd9724f28a3682adc6230ae7e4e9679db"
  integrity sha1-Fzb939lyTyijaCrcYjCufk6Weds=

"js-tokens@^3.0.0 || ^4.0.0":
  version "4.0.0"
  resolved "http://af.hikvision.com.cn:80/artifactory/api/npm/npm-down/js-tokens/-/js-tokens-4.0.0.tgz#19203fb59991df98e3a287050d4647cdeaf32499"
  integrity sha1-GSA/tZmR35jjoocFDUZHzerzJJk=

jsonc-parser@^2.3.0:
  version "2.3.1"
  resolved "http://af.hikvision.com.cn:80/artifactory/api/npm/npm-down/jsonc-parser/-/jsonc-parser-2.3.1.tgz#59549150b133f2efacca48fe9ce1ec0659af2342"
  integrity sha1-WVSRULEz8u+sykj+nOHsBlmvI0I=

jsonc-parser@^3.0.0:
  version "3.0.0"
  resolved "http://af.hikvision.com.cn:80/artifactory/api/npm/npm-down/jsonc-parser/-/jsonc-parser-3.0.0.tgz#abdd785701c7e7eaca8a9ec8cf070ca51a745a22"
  integrity sha1-q914VwHH5+rKip7IzwcMpRp0WiI=

jstransformer@1.0.0:
  version "1.0.0"
  resolved "http://af.hikvision.com.cn:80/artifactory/api/npm/npm-down/jstransformer/-/jstransformer-1.0.0.tgz#ed8bf0921e2f3f1ed4d5c1a44f68709ed24722c3"
  integrity sha1-7Yvwkh4vPx7U1cGkT2hwntJHIsM=
  dependencies:
    is-promise "^2.0.0"
    promise "^7.0.1"

lodash-es@^4.17.15:
  version "4.17.21"
  resolved "http://af.hikvision.com.cn:80/artifactory/api/npm/npm-down/lodash-es/-/lodash-es-4.17.21.tgz#43e626c46e6591b7750beb2b50117390c609e3ee"
  integrity sha1-Q+YmxG5lkbd1C+srUBFzkMYJ4+4=

lodash@^4.17.15, lodash@^4.17.21:
  version "4.17.21"
  resolved "http://af.hikvision.com.cn:80/artifactory/api/npm/npm-down/lodash/-/lodash-4.17.21.tgz#679591c564c3bffaae8454cf0b3df370c3d6911c"
  integrity sha1-Z5WRxWTDv/quhFTPCz3zcMPWkRw=

loose-envify@^1.0.0:
  version "1.4.0"
  resolved "http://af.hikvision.com.cn:80/artifactory/api/npm/npm-down/loose-envify/-/loose-envify-1.4.0.tgz#71ee51fa7be4caec1a63839f7e682d8132d30caf"
  integrity sha1-ce5R+nvkyuwaY4OffmgtgTLTDK8=
  dependencies:
    js-tokens "^3.0.0 || ^4.0.0"

lru-cache@^6.0.0:
  version "6.0.0"
  resolved "http://af.hikvision.com.cn:80/artifactory/api/npm/npm-down/lru-cache/-/lru-cache-6.0.0.tgz#6d6fe6570ebd96aaf90fcad1dafa3b2566db3a94"
  integrity sha1-bW/mVw69lqr5D8rR2vo7JWbbOpQ=
  dependencies:
    yallist "^4.0.0"

magic-string@^0.25.7:
  version "0.25.7"
  resolved "http://af.hikvision.com.cn:80/artifactory/api/npm/npm-down/magic-string/-/magic-string-0.25.7.tgz#3f497d6fd34c669c6798dcb821f2ef31f5445051"
  integrity sha1-P0l9b9NMZpxnmNy4IfLvMfVEUFE=
  dependencies:
    sourcemap-codec "^1.4.4"

nanoid@^3.1.30:
  version "3.1.30"
  resolved "http://af.hikvision.com.cn:80/artifactory/api/npm/npm-down/nanoid/-/nanoid-3.1.30.tgz#63f93cc548d2a113dc5dfbc63bfa09e2b9b64362"
  integrity sha1-Y/k8xUjSoRPcXfvGO/oJ4rm2Q2I=

nanopop@^2.1.0:
  version "2.1.0"
  resolved "http://af.hikvision.com.cn:80/artifactory/api/npm/npm-down/nanopop/-/nanopop-2.1.0.tgz#23476513cee2405888afd2e8a4b54066b70b9e60"
  integrity sha1-I0dlE87iQFiIr9LopLVAZrcLnmA=

object-assign@^4.1.1:
  version "4.1.1"
  resolved "http://af.hikvision.com.cn:80/artifactory/api/npm/npm-down/object-assign/-/object-assign-4.1.1.tgz#2109adc7965887cfc05cbbd442cac8bfbb360863"
  integrity sha1-IQmtx5ZYh8/AXLvUQsrIv7s2CGM=

path-parse@^1.0.6:
  version "1.0.7"
  resolved "http://af.hikvision.com.cn:80/artifactory/api/npm/npm-down/path-parse/-/path-parse-1.0.7.tgz#fbc114b60ca42b30d9daf5858e4bd68bbedb6735"
  integrity sha1-+8EUtgykKzDZ2vWFjkvWi77bZzU=

picocolors@^1.0.0:
  version "1.0.0"
  resolved "http://af.hikvision.com.cn:80/artifactory/api/npm/npm-down/picocolors/-/picocolors-1.0.0.tgz#cb5bdc74ff3f51892236eaf79d68bc44564ab81c"
  integrity sha1-y1vcdP8/UYkiNur3nWi8RFZKuBw=

postcss@^8.1.10, postcss@^8.4.5:
  version "8.4.5"
  resolved "http://af.hikvision.com.cn:80/artifactory/api/npm/npm-down/postcss/-/postcss-8.4.5.tgz#bae665764dfd4c6fcc24dc0fdf7e7aa00cc77f95"
  integrity sha1-uuZldk39TG/MJNwP3356oAzHf5U=
  dependencies:
    nanoid "^3.1.30"
    picocolors "^1.0.0"
    source-map-js "^1.0.1"

promise@^7.0.1:
  version "7.3.1"
  resolved "http://af.hikvision.com.cn:80/artifactory/api/npm/npm-down/promise/-/promise-7.3.1.tgz#064b72602b18f90f29192b8b1bc418ffd1ebd3bf"
  integrity sha1-BktyYCsY+Q8pGSuLG8QY/9Hr078=
  dependencies:
    asap "~2.0.3"

pug-attrs@^3.0.0:
  version "3.0.0"
  resolved "http://af.hikvision.com.cn:80/artifactory/api/npm/npm-down/pug-attrs/-/pug-attrs-3.0.0.tgz#b10451e0348165e31fad1cc23ebddd9dc7347c41"
  integrity sha1-sQRR4DSBZeMfrRzCPr3dncc0fEE=
  dependencies:
    constantinople "^4.0.1"
    js-stringify "^1.0.2"
    pug-runtime "^3.0.0"

pug-code-gen@^3.0.2:
  version "3.0.2"
  resolved "http://af.hikvision.com.cn:80/artifactory/api/npm/npm-down/pug-code-gen/-/pug-code-gen-3.0.2.tgz#ad190f4943133bf186b60b80de483100e132e2ce"
  integrity sha1-rRkPSUMTO/GGtguA3kgxAOEy4s4=
  dependencies:
    constantinople "^4.0.1"
    doctypes "^1.1.0"
    js-stringify "^1.0.2"
    pug-attrs "^3.0.0"
    pug-error "^2.0.0"
    pug-runtime "^3.0.0"
    void-elements "^3.1.0"
    with "^7.0.0"

pug-error@^2.0.0:
  version "2.0.0"
  resolved "http://af.hikvision.com.cn:80/artifactory/api/npm/npm-down/pug-error/-/pug-error-2.0.0.tgz#5c62173cb09c34de2a2ce04f17b8adfec74d8ca5"
  integrity sha1-XGIXPLCcNN4qLOBPF7it/sdNjKU=

pug-filters@^4.0.0:
  version "4.0.0"
  resolved "http://af.hikvision.com.cn:80/artifactory/api/npm/npm-down/pug-filters/-/pug-filters-4.0.0.tgz#d3e49af5ba8472e9b7a66d980e707ce9d2cc9b5e"
  integrity sha1-0+Sa9bqEcum3pm2YDnB86dLMm14=
  dependencies:
    constantinople "^4.0.1"
    jstransformer "1.0.0"
    pug-error "^2.0.0"
    pug-walk "^2.0.0"
    resolve "^1.15.1"

pug-lexer@^5.0.1:
  version "5.0.1"
  resolved "http://af.hikvision.com.cn:80/artifactory/api/npm/npm-down/pug-lexer/-/pug-lexer-5.0.1.tgz#ae44628c5bef9b190b665683b288ca9024b8b0d5"
  integrity sha1-rkRijFvvmxkLZlaDsojKkCS4sNU=
  dependencies:
    character-parser "^2.2.0"
    is-expression "^4.0.0"
    pug-error "^2.0.0"

pug-linker@^4.0.0:
  version "4.0.0"
  resolved "http://af.hikvision.com.cn:80/artifactory/api/npm/npm-down/pug-linker/-/pug-linker-4.0.0.tgz#12cbc0594fc5a3e06b9fc59e6f93c146962a7708"
  integrity sha1-EsvAWU/Fo+Brn8Web5PBRpYqdwg=
  dependencies:
    pug-error "^2.0.0"
    pug-walk "^2.0.0"

pug-load@^3.0.0:
  version "3.0.0"
  resolved "http://af.hikvision.com.cn:80/artifactory/api/npm/npm-down/pug-load/-/pug-load-3.0.0.tgz#9fd9cda52202b08adb11d25681fb9f34bd41b662"
  integrity sha1-n9nNpSICsIrbEdJWgfufNL1BtmI=
  dependencies:
    object-assign "^4.1.1"
    pug-walk "^2.0.0"

pug-parser@^6.0.0:
  version "6.0.0"
  resolved "http://af.hikvision.com.cn:80/artifactory/api/npm/npm-down/pug-parser/-/pug-parser-6.0.0.tgz#a8fdc035863a95b2c1dc5ebf4ecf80b4e76a1260"
  integrity sha1-qP3ANYY6lbLB3F6/Ts+AtOdqEmA=
  dependencies:
    pug-error "^2.0.0"
    token-stream "1.0.0"

pug-runtime@^3.0.0, pug-runtime@^3.0.1:
  version "3.0.1"
  resolved "http://af.hikvision.com.cn:80/artifactory/api/npm/npm-down/pug-runtime/-/pug-runtime-3.0.1.tgz#f636976204723f35a8c5f6fad6acda2a191b83d7"
  integrity sha1-9jaXYgRyPzWoxfb61qzaKhkbg9c=

pug-strip-comments@^2.0.0:
  version "2.0.0"
  resolved "http://af.hikvision.com.cn:80/artifactory/api/npm/npm-down/pug-strip-comments/-/pug-strip-comments-2.0.0.tgz#f94b07fd6b495523330f490a7f554b4ff876303e"
  integrity sha1-+UsH/WtJVSMzD0kKf1VLT/h2MD4=
  dependencies:
    pug-error "^2.0.0"

pug-walk@^2.0.0:
  version "2.0.0"
  resolved "http://af.hikvision.com.cn:80/artifactory/api/npm/npm-down/pug-walk/-/pug-walk-2.0.0.tgz#417aabc29232bb4499b5b5069a2b2d2a24d5f5fe"
  integrity sha1-QXqrwpIyu0SZtbUGmistKiTV9f4=

pug@^3.0.2:
  version "3.0.2"
  resolved "http://af.hikvision.com.cn:80/artifactory/api/npm/npm-down/pug/-/pug-3.0.2.tgz#f35c7107343454e43bc27ae0ff76c731b78ea535"
  integrity sha1-81xxBzQ0VOQ7wnrg/3bHMbeOpTU=
  dependencies:
    pug-code-gen "^3.0.2"
    pug-filters "^4.0.0"
    pug-lexer "^5.0.1"
    pug-linker "^4.0.0"
    pug-load "^3.0.0"
    pug-parser "^6.0.0"
    pug-runtime "^3.0.1"
    pug-strip-comments "^2.0.0"

regenerator-runtime@^0.13.4:
  version "0.13.9"
  resolved "http://af.hikvision.com.cn:80/artifactory/api/npm/npm-down/regenerator-runtime/-/regenerator-runtime-0.13.9.tgz#8925742a98ffd90814988d7566ad30ca3b263b52"
  integrity sha1-iSV0Kpj/2QgUmI11Zq0wyjsmO1I=

request-light@^0.5.4:
  version "0.5.5"
  resolved "http://af.hikvision.com.cn:80/artifactory/api/npm/npm-down/request-light/-/request-light-0.5.5.tgz#254ab0b38a1db2192170b599b05181934e14932b"
  integrity sha1-JUqws4odshkhcLWZsFGBk04Ukys=

resize-observer-polyfill@^1.5.1:
  version "1.5.1"
  resolved "http://af.hikvision.com.cn:80/artifactory/api/npm/npm-down/resize-observer-polyfill/-/resize-observer-polyfill-1.5.1.tgz#0e9020dd3d21024458d4ebd27e23e40269810464"
  integrity sha1-DpAg3T0hAkRY1OvSfiPkAmmBBGQ=

resolve@^1.15.1, resolve@^1.20.0:
  version "1.20.0"
  resolved "http://af.hikvision.com.cn:80/artifactory/api/npm/npm-down/resolve/-/resolve-1.20.0.tgz#629a013fb3f70755d6f0b7935cc1c2c5378b1975"
  integrity sha1-YpoBP7P3B1XW8LeTXMHCxTeLGXU=
  dependencies:
    is-core-module "^2.2.0"
    path-parse "^1.0.6"

rollup@^2.59.0:
  version "2.61.1"
  resolved "http://af.hikvision.com.cn:80/artifactory/api/npm/npm-down/rollup/-/rollup-2.61.1.tgz#1a5491f84543cf9e4caf6c61222d9a3f8f2ba454"
  integrity sha1-GlSR+EVDz55Mr2xhIi2aP48rpFQ=
  optionalDependencies:
    fsevents "~2.3.2"

scroll-into-view-if-needed@^2.2.25:
  version "2.2.28"
  resolved "http://af.hikvision.com.cn:80/artifactory/api/npm/npm-down/scroll-into-view-if-needed/-/scroll-into-view-if-needed-2.2.28.tgz#5a15b2f58a52642c88c8eca584644e01703d645a"
  integrity sha1-WhWy9YpSZCyIyOylhGROAXA9ZFo=
  dependencies:
    compute-scroll-into-view "^1.0.17"

semver@^7.3.5:
  version "7.3.5"
  resolved "http://af.hikvision.com.cn:80/artifactory/api/npm/npm-down/semver/-/semver-7.3.5.tgz#0b621c879348d8998e4b0e4be94b3f12e6018ef7"
  integrity sha1-C2Ich5NI2JmOSw5L6Us/EuYBjvc=
  dependencies:
    lru-cache "^6.0.0"

shallow-equal@^1.0.0:
  version "1.2.1"
  resolved "http://af.hikvision.com.cn:80/artifactory/api/npm/npm-down/shallow-equal/-/shallow-equal-1.2.1.tgz#4c16abfa56043aa20d050324efa68940b0da79da"
  integrity sha1-TBar+lYEOqINBQMk76aJQLDaedo=

source-map-js@^1.0.1:
  version "1.0.1"
  resolved "http://af.hikvision.com.cn:80/artifactory/api/npm/npm-down/source-map-js/-/source-map-js-1.0.1.tgz#a1741c131e3c77d048252adfa24e23b908670caf"
  integrity sha1-oXQcEx48d9BIJSrfok4juQhnDK8=

source-map@^0.6.1:
  version "0.6.1"
  resolved "http://af.hikvision.com.cn:80/artifactory/api/npm/npm-down/source-map/-/source-map-0.6.1.tgz#74722af32e9614e9c287a8d0bbde48b5e2f1a263"
  integrity sha1-dHIq8y6WFOnCh6jQu95IteLxomM=

sourcemap-codec@^1.4.4:
  version "1.4.8"
  resolved "http://af.hikvision.com.cn:80/artifactory/api/npm/npm-down/sourcemap-codec/-/sourcemap-codec-1.4.8.tgz#ea804bd94857402e6992d05a38ef1ae35a9ab4c4"
  integrity sha1-6oBL2UhXQC5pktBaOO8a41qatMQ=

to-fast-properties@^2.0.0:
  version "2.0.0"
  resolved "http://af.hikvision.com.cn:80/artifactory/api/npm/npm-down/to-fast-properties/-/to-fast-properties-2.0.0.tgz#dc5e698cbd079265bc73e0377681a4e4e83f616e"
  integrity sha1-3F5pjL0HkmW8c+A3doGk5Og/YW4=

token-stream@1.0.0:
  version "1.0.0"
  resolved "http://af.hikvision.com.cn:80/artifactory/api/npm/npm-down/token-stream/-/token-stream-1.0.0.tgz#cc200eab2613f4166d27ff9afc7ca56d49df6eb4"
  integrity sha1-zCAOqyYT9BZtJ/+a/HylbUnfbrQ=

typescript@^4.4.4:
  version "4.5.4"
  resolved "http://af.hikvision.com.cn:80/artifactory/api/npm/npm-down/typescript/-/typescript-4.5.4.tgz#a17d3a0263bf5c8723b9c52f43c5084edf13c2e8"
  integrity sha1-oX06AmO/XIcjucUvQ8UITt8Twug=

upath@^2.0.1:
  version "2.0.1"
  resolved "http://af.hikvision.com.cn:80/artifactory/api/npm/npm-down/upath/-/upath-2.0.1.tgz#50c73dea68d6f6b990f51d279ce6081665d61a8b"
  integrity sha1-UMc96mjW9rmQ9R0nnOYIFmXWGos=

vite@^2.7.2:
  version "2.7.4"
  resolved "http://af.hikvision.com.cn:80/artifactory/api/npm/npm-down/vite/-/vite-2.7.4.tgz#06f68f8909943f9fe582c26120b0c2b85894a05e"
  integrity sha1-BvaPiQmUP5/lgsJhILDCuFiUoF4=
  dependencies:
    esbuild "^0.13.12"
    postcss "^8.4.5"
    resolve "^1.20.0"
    rollup "^2.59.0"
  optionalDependencies:
    fsevents "~2.3.2"

void-elements@^3.1.0:
  version "3.1.0"
  resolved "http://af.hikvision.com.cn:80/artifactory/api/npm/npm-down/void-elements/-/void-elements-3.1.0.tgz#614f7fbf8d801f0bb5f0661f5b2f5785750e4f09"
  integrity sha1-YU9/v42AHwu18GYfWy9XhXUOTwk=

vscode-css-languageservice@^5.1.7:
  version "5.1.9"
  resolved "http://af.hikvision.com.cn:80/artifactory/api/npm/npm-down/vscode-css-languageservice/-/vscode-css-languageservice-5.1.9.tgz#9d473e5c61fa6d4d62719d9b8715ff6c644bf14e"
  integrity sha1-nUc+XGH6bU1icZ2bhxX/bGRL8U4=
  dependencies:
    vscode-languageserver-textdocument "^1.0.1"
    vscode-languageserver-types "^3.16.0"
    vscode-nls "^5.0.0"
    vscode-uri "^3.0.2"

vscode-html-languageservice@^4.1.0:
  version "4.2.1"
  resolved "http://af.hikvision.com.cn:80/artifactory/api/npm/npm-down/vscode-html-languageservice/-/vscode-html-languageservice-4.2.1.tgz#b95077cffd19bf187e53c7bf79e3e0dd7edbc7cf"
  integrity sha1-uVB3z/0Zvxh+U8e/eePg3X7bx88=
  dependencies:
    vscode-languageserver-textdocument "^1.0.1"
    vscode-languageserver-types "^3.16.0"
    vscode-nls "^5.0.0"
    vscode-uri "^3.0.2"

vscode-json-languageservice@^4.1.8:
  version "4.1.10"
  resolved "http://af.hikvision.com.cn:80/artifactory/api/npm/npm-down/vscode-json-languageservice/-/vscode-json-languageservice-4.1.10.tgz#5d5729fc4f3e02f41599e0104523a1877c25f0fb"
  integrity sha1-XVcp/E8+AvQVmeAQRSOhh3wl8Ps=
  dependencies:
    jsonc-parser "^3.0.0"
    vscode-languageserver-textdocument "^1.0.1"
    vscode-languageserver-types "^3.16.0"
    vscode-nls "^5.0.0"
    vscode-uri "^3.0.2"

vscode-jsonrpc@8.0.0-next.4, vscode-jsonrpc@^8.0.0-next.2:
  version "8.0.0-next.4"
  resolved "http://af.hikvision.com.cn:80/artifactory/api/npm/npm-down/vscode-jsonrpc/-/vscode-jsonrpc-8.0.0-next.4.tgz#c0da5e3536c0862e8189b1678a3a7c4900e6ecbd"
  integrity sha1-wNpeNTbAhi6BibFnijp8SQDm7L0=

vscode-languageserver-protocol@3.17.0-next.11:
  version "3.17.0-next.11"
  resolved "http://af.hikvision.com.cn:80/artifactory/api/npm/npm-down/vscode-languageserver-protocol/-/vscode-languageserver-protocol-3.17.0-next.11.tgz#0f2b2bc0d28026422340e4571373e018598e2e16"
  integrity sha1-DysrwNKAJkIjQORXE3PgGFmOLhY=
  dependencies:
    vscode-jsonrpc "8.0.0-next.4"
    vscode-languageserver-types "3.17.0-next.5"

vscode-languageserver-textdocument@^1.0.1:
  version "1.0.3"
  resolved "http://af.hikvision.com.cn:80/artifactory/api/npm/npm-down/vscode-languageserver-textdocument/-/vscode-languageserver-textdocument-1.0.3.tgz#879f2649bfa5a6e07bc8b392c23ede2dfbf43eff"
  integrity sha1-h58mSb+lpuB7yLOSwj7eLfv0Pv8=

vscode-languageserver-types@3.17.0-next.5:
  version "3.17.0-next.5"
  resolved "http://af.hikvision.com.cn:80/artifactory/api/npm/npm-down/vscode-languageserver-types/-/vscode-languageserver-types-3.17.0-next.5.tgz#0d176d39d215d55bffc9195112fb2b6d81ff5fbb"
  integrity sha1-DRdtOdIV1Vv/yRlREvsrbYH/X7s=

vscode-languageserver-types@^3.15.1, vscode-languageserver-types@^3.16.0:
  version "3.16.0"
  resolved "http://af.hikvision.com.cn:80/artifactory/api/npm/npm-down/vscode-languageserver-types/-/vscode-languageserver-types-3.16.0.tgz#ecf393fc121ec6974b2da3efb3155644c514e247"
  integrity sha1-7POT/BIexpdLLaPvsxVWRMUU4kc=

vscode-languageserver@^8.0.0-next.2:
  version "8.0.0-next.5"
  resolved "http://af.hikvision.com.cn:80/artifactory/api/npm/npm-down/vscode-languageserver/-/vscode-languageserver-8.0.0-next.5.tgz#99f7f25dd658a1f000219f62c29ae557858f850c"
  integrity sha1-mffyXdZYofAAIZ9iwprlV4WPhQw=
  dependencies:
    vscode-languageserver-protocol "3.17.0-next.11"

vscode-nls@^5.0.0:
  version "5.0.0"
  resolved "http://af.hikvision.com.cn:80/artifactory/api/npm/npm-down/vscode-nls/-/vscode-nls-5.0.0.tgz#99f0da0bd9ea7cda44e565a74c54b1f2bc257840"
  integrity sha1-mfDaC9nqfNpE5WWnTFSx8rwleEA=

vscode-pug-languageservice@0.29.8:
  version "0.29.8"
  resolved "http://af.hikvision.com.cn:80/artifactory/api/npm/npm-down/vscode-pug-languageservice/-/vscode-pug-languageservice-0.29.8.tgz#3d95f974bc273ddd8f5a8fb5d3ac8064b2dc63d1"
  integrity sha1-PZX5dLwnPd2PWo+106yAZLLcY9E=
  dependencies:
    "@volar/code-gen" "0.29.8"
    "@volar/shared" "0.29.8"
    "@volar/source-map" "0.29.8"
    "@volar/transforms" "0.29.8"
    pug-lexer "^5.0.1"
    pug-parser "^6.0.0"
    vscode-languageserver "^8.0.0-next.2"

vscode-typescript-languageservice@0.29.8:
  version "0.29.8"
  resolved "http://af.hikvision.com.cn:80/artifactory/api/npm/npm-down/vscode-typescript-languageservice/-/vscode-typescript-languageservice-0.29.8.tgz#370572e8c99c8b8190733a4bfc1b45c5f91aa044"
  integrity sha1-NwVy6Mmci4GQczpL/BtFxfkaoEQ=
  dependencies:
    "@volar/shared" "0.29.8"
    semver "^7.3.5"
    upath "^2.0.1"
    vscode-languageserver "^8.0.0-next.2"
    vscode-languageserver-textdocument "^1.0.1"

vscode-uri@^2.1.2:
  version "2.1.2"
  resolved "http://af.hikvision.com.cn:80/artifactory/api/npm/npm-down/vscode-uri/-/vscode-uri-2.1.2.tgz#c8d40de93eb57af31f3c715dd650e2ca2c096f1c"
  integrity sha1-yNQN6T61evMfPHFd1lDiyiwJbxw=

vscode-uri@^3.0.2:
  version "3.0.2"
  resolved "http://af.hikvision.com.cn:80/artifactory/api/npm/npm-down/vscode-uri/-/vscode-uri-3.0.2.tgz#ecfd1d066cb8ef4c3a208decdbab9a8c23d055d0"
  integrity sha1-7P0dBmy470w6II3s26uajCPQVdA=

vscode-vue-languageservice@0.29.8:
  version "0.29.8"
  resolved "http://af.hikvision.com.cn:80/artifactory/api/npm/npm-down/vscode-vue-languageservice/-/vscode-vue-languageservice-0.29.8.tgz#6d59aab4fb94215b99b6f7d0e2ab73babd398d05"
  integrity sha1-bVmqtPuUIVuZtvfQ4qtzur05jQU=
  dependencies:
    "@volar/code-gen" "0.29.8"
    "@volar/html2pug" "0.29.8"
    "@volar/shared" "0.29.8"
    "@volar/source-map" "0.29.8"
    "@volar/transforms" "0.29.8"
    "@volar/vue-code-gen" "0.29.8"
    "@vscode/emmet-helper" "^2.8.0"
    "@vue/reactivity" "^3.2.21"
    "@vue/shared" "^3.2.21"
    request-light "^0.5.4"
    upath "^2.0.1"
    vscode-css-languageservice "^5.1.7"
    vscode-html-languageservice "^4.1.0"
    vscode-json-languageservice "^4.1.8"
    vscode-languageserver "^8.0.0-next.2"
    vscode-languageserver-textdocument "^1.0.1"
    vscode-pug-languageservice "0.29.8"
    vscode-typescript-languageservice "0.29.8"

vue-tsc@^0.29.8:
  version "0.29.8"
  resolved "http://af.hikvision.com.cn:80/artifactory/api/npm/npm-down/vue-tsc/-/vue-tsc-0.29.8.tgz#f4d8de5dd8756107c878489ccf9178d2d72fff47"
  integrity sha1-9NjeXdh1YQfIeEicz5F40tcv/0c=
  dependencies:
    "@volar/shared" "0.29.8"
    vscode-vue-languageservice "0.29.8"

vue-types@^3.0.0:
  version "3.0.2"
  resolved "http://af.hikvision.com.cn:80/artifactory/api/npm/npm-down/vue-types/-/vue-types-3.0.2.tgz#ec16e05d412c038262fc1efa4ceb9647e7fb601d"
  integrity sha1-7BbgXUEsA4Ji/B76TOuWR+f7YB0=
  dependencies:
    is-plain-object "3.0.1"

vue@^3.2.25:
  version "3.2.26"
  resolved "http://af.hikvision.com.cn:80/artifactory/api/npm/npm-down/vue/-/vue-3.2.26.tgz#5db575583ecae495c7caa5c12fd590dffcbb763e"
  integrity sha1-XbV1WD7K5JXHyqXBL9WQ3/y7dj4=
  dependencies:
    "@vue/compiler-dom" "3.2.26"
    "@vue/compiler-sfc" "3.2.26"
    "@vue/runtime-dom" "3.2.26"
    "@vue/server-renderer" "3.2.26"
    "@vue/shared" "3.2.26"

warning@^4.0.0:
  version "4.0.3"
  resolved "http://af.hikvision.com.cn:80/artifactory/api/npm/npm-down/warning/-/warning-4.0.3.tgz#16e9e077eb8a86d6af7d64aa1e05fd85b4678ca3"
  integrity sha1-Fungd+uKhtavfWSqHgX9hbRnjKM=
  dependencies:
    loose-envify "^1.0.0"

with@^7.0.0:
  version "7.0.2"
  resolved "http://af.hikvision.com.cn:80/artifactory/api/npm/npm-down/with/-/with-7.0.2.tgz#ccee3ad542d25538a7a7a80aad212b9828495bac"
  integrity sha1-zO461ULSVTinp6gKrSErmChJW6w=
  dependencies:
    "@babel/parser" "^7.9.6"
    "@babel/types" "^7.9.6"
    assert-never "^1.2.1"
    babel-walk "3.0.0-canary-5"

yallist@^4.0.0:
  version "4.0.0"
  resolved "http://af.hikvision.com.cn:80/artifactory/api/npm/npm-down/yallist/-/yallist-4.0.0.tgz#9bb92790d9c0effec63be73519e11a35019a3a72"
  integrity sha1-m7knkNnA7/7GO+c1GeEaNQGaOnI=
